
Microsoft Visual Studio Solution File, Format Version 12.00
# Visual Studio Version 16
VisualStudioVersion = 25.0.1704.2
MinimumVisualStudioVersion = 10.0.40219.1
Project("{FAE04EC0-301F-11D3-BF4B-00C04F79EFBC}") = "ChallengeOne", "PROG2200-Lab1-amir_kamalian\ChallengeOne.csproj", "{5526FEA1-C6D5-42A2-97FB-4EEF2DE1C57C}"
EndProject
Project("{FAE04EC0-301F-11D3-BF4B-00C04F79EFBC}") = "ChallengeTwo", "ChallengeTwo\ChallengeTwo.csproj", "{F998D60B-8D34-4F4A-815A-15E5937048AA}"
EndProject
Project("{2150E333-8FDC-42A3-9474-1A3956D46DE8}") = "Module1", "Module1", "{B45CF6B6-CA3F-44BC-80D7-6296274ED3EB}"
EndProject
Project("{FAE04EC0-301F-11D3-BF4B-00C04F79EFBC}") = "ChallengeThree", "ChallengeThree\ChallengeThree.csproj", "{AA2D9861-5D6A-4A1F-A973-062B099142A6}"
EndProject
Project("{FAE04EC0-301F-11D3-BF4B-00C04F79EFBC}") = "ChallengeFour", "ChallengeFour\ChallengeFour.csproj", "{A2DAD23E-918D-429E-9B6F-C3BAABDAB11C}"
EndProject
Project("{2150E333-8FDC-42A3-9474-1A3956D46DE8}") = "module2", "module2", "{722CF1AE-6F16-479B-9621-8A7F623B2636}"
EndProject
Project("{FAE04EC0-301F-11D3-BF4B-00C04F79EFBC}") = "ChallengeFive", "ChallengeFive\ChallengeFive.csproj", "{5AC5ED32-43F9-4190-AFF8-C48EAFB332CE}"
EndProject
Project("{FAE04EC0-301F-11D3-BF4B-00C04F79EFBC}") = "ChallengeSix", "ChallengeSix\ChallengeSix.csproj", "{1CA18C06-4327-4366-A563-9089C22B5CC8}"
EndProject
Project("{2150E333-8FDC-42A3-9474-1A3956D46DE8}") = "module3", "module3", "{D792F902-5296-4F40-BB91-C4560C71A138}"
EndProject
Project("{2150E333-8FDC-42A3-9474-1A3956D46DE8}") = "module4", "module4", "{752DD757-D464-40E8-B876-1C470379145E}"
EndProject
Project("{FAE04EC0-301F-11D3-BF4B-00C04F79EFBC}") = "ChallengeSeven", "ChallengeSeven\ChallengeSeven.csproj", "{8781B00D-96D9-42D4-BC41-596D9FF0AC00}"
EndProject
Project("{FAE04EC0-301F-11D3-BF4B-00C04F79EFBC}") = "ChallengeEight", "ChallengeEight\ChallengeEight.csproj", "{4CB1FEA9-59C0-433B-AEE7-83D6776EDE6C}"
EndProject
Project("{FAE04EC0-301F-11D3-BF4B-00C04F79EFBC}") = "ChallengeNine", "ChallengeNine\ChallengeNine.csproj", "{C3D6C4CD-61C2-4019-B6FA-166252988CCF}"
EndProject
Global
	GlobalSection(SolutionConfigurationPlatforms) = preSolution
		Debug|Any CPU = Debug|Any CPU
		Release|Any CPU = Release|Any CPU
	EndGlobalSection
	GlobalSection(ProjectConfigurationPlatforms) = postSolution
		{5526FEA1-C6D5-42A2-97FB-4EEF2DE1C57C}.Debug|Any CPU.ActiveCfg = Debug|Any CPU
		{5526FEA1-C6D5-42A2-97FB-4EEF2DE1C57C}.Debug|Any CPU.Build.0 = Debug|Any CPU
		{5526FEA1-C6D5-42A2-97FB-4EEF2DE1C57C}.Release|Any CPU.ActiveCfg = Release|Any CPU
		{5526FEA1-C6D5-42A2-97FB-4EEF2DE1C57C}.Release|Any CPU.Build.0 = Release|Any CPU
		{F998D60B-8D34-4F4A-815A-15E5937048AA}.Debug|Any CPU.ActiveCfg = Debug|Any CPU
		{F998D60B-8D34-4F4A-815A-15E5937048AA}.Debug|Any CPU.Build.0 = Debug|Any CPU
		{F998D60B-8D34-4F4A-815A-15E5937048AA}.Release|Any CPU.ActiveCfg = Release|Any CPU
		{F998D60B-8D34-4F4A-815A-15E5937048AA}.Release|Any CPU.Build.0 = Release|Any CPU
		{AA2D9861-5D6A-4A1F-A973-062B099142A6}.Debug|Any CPU.ActiveCfg = Debug|Any CPU
		{AA2D9861-5D6A-4A1F-A973-062B099142A6}.Debug|Any CPU.Build.0 = Debug|Any CPU
		{AA2D9861-5D6A-4A1F-A973-062B099142A6}.Release|Any CPU.ActiveCfg = Release|Any CPU
		{AA2D9861-5D6A-4A1F-A973-062B099142A6}.Release|Any CPU.Build.0 = Release|Any CPU
		{A2DAD23E-918D-429E-9B6F-C3BAABDAB11C}.Debug|Any CPU.ActiveCfg = Debug|Any CPU
		{A2DAD23E-918D-429E-9B6F-C3BAABDAB11C}.Debug|Any CPU.Build.0 = Debug|Any CPU
		{A2DAD23E-918D-429E-9B6F-C3BAABDAB11C}.Release|Any CPU.ActiveCfg = Release|Any CPU
		{A2DAD23E-918D-429E-9B6F-C3BAABDAB11C}.Release|Any CPU.Build.0 = Release|Any CPU
		{5AC5ED32-43F9-4190-AFF8-C48EAFB332CE}.Debug|Any CPU.ActiveCfg = Debug|Any CPU
		{5AC5ED32-43F9-4190-AFF8-C48EAFB332CE}.Debug|Any CPU.Build.0 = Debug|Any CPU
		{5AC5ED32-43F9-4190-AFF8-C48EAFB332CE}.Release|Any CPU.ActiveCfg = Release|Any CPU
		{5AC5ED32-43F9-4190-AFF8-C48EAFB332CE}.Release|Any CPU.Build.0 = Release|Any CPU
		{1CA18C06-4327-4366-A563-9089C22B5CC8}.Debug|Any CPU.ActiveCfg = Debug|Any CPU
		{1CA18C06-4327-4366-A563-9089C22B5CC8}.Debug|Any CPU.Build.0 = Debug|Any CPU
		{1CA18C06-4327-4366-A563-9089C22B5CC8}.Release|Any CPU.ActiveCfg = Release|Any CPU
		{1CA18C06-4327-4366-A563-9089C22B5CC8}.Release|Any CPU.Build.0 = Release|Any CPU
		{8781B00D-96D9-42D4-BC41-596D9FF0AC00}.Debug|Any CPU.ActiveCfg = Debug|Any CPU
		{8781B00D-96D9-42D4-BC41-596D9FF0AC00}.Debug|Any CPU.Build.0 = Debug|Any CPU
		{8781B00D-96D9-42D4-BC41-596D9FF0AC00}.Release|Any CPU.ActiveCfg = Release|Any CPU
		{8781B00D-96D9-42D4-BC41-596D9FF0AC00}.Release|Any CPU.Build.0 = Release|Any CPU
		{4CB1FEA9-59C0-433B-AEE7-83D6776EDE6C}.Debug|Any CPU.ActiveCfg = Debug|Any CPU
		{4CB1FEA9-59C0-433B-AEE7-83D6776EDE6C}.Debug|Any CPU.Build.0 = Debug|Any CPU
		{4CB1FEA9-59C0-433B-AEE7-83D6776EDE6C}.Release|Any CPU.ActiveCfg = Release|Any CPU
		{4CB1FEA9-59C0-433B-AEE7-83D6776EDE6C}.Release|Any CPU.Build.0 = Release|Any CPU
		{C3D6C4CD-61C2-4019-B6FA-166252988CCF}.Debug|Any CPU.ActiveCfg = Debug|Any CPU
		{C3D6C4CD-61C2-4019-B6FA-166252988CCF}.Debug|Any CPU.Build.0 = Debug|Any CPU
		{C3D6C4CD-61C2-4019-B6FA-166252988CCF}.Release|Any CPU.ActiveCfg = Release|Any CPU
		{C3D6C4CD-61C2-4019-B6FA-166252988CCF}.Release|Any CPU.Build.0 = Release|Any CPU
	EndGlobalSection
	GlobalSection(SolutionProperties) = preSolution
		HideSolutionNode = FALSE
	EndGlobalSection
	GlobalSection(ExtensibilityGlobals) = postSolution
		SolutionGuid = {50236D1E-68E3-4BE8-8250-7E0A56D85507}
	EndGlobalSection
	GlobalSection(NestedProjects) = preSolution
		{5526FEA1-C6D5-42A2-97FB-4EEF2DE1C57C} = {B45CF6B6-CA3F-44BC-80D7-6296274ED3EB}
		{F998D60B-8D34-4F4A-815A-15E5937048AA} = {B45CF6B6-CA3F-44BC-80D7-6296274ED3EB}
		{AA2D9861-5D6A-4A1F-A973-062B099142A6} = {B45CF6B6-CA3F-44BC-80D7-6296274ED3EB}
		{A2DAD23E-918D-429E-9B6F-C3BAABDAB11C} = {B45CF6B6-CA3F-44BC-80D7-6296274ED3EB}
		{5AC5ED32-43F9-4190-AFF8-C48EAFB332CE} = {722CF1AE-6F16-479B-9621-8A7F623B2636}
		{1CA18C06-4327-4366-A563-9089C22B5CC8} = {D792F902-5296-4F40-BB91-C4560C71A138}
		{8781B00D-96D9-42D4-BC41-596D9FF0AC00} = {752DD757-D464-40E8-B876-1C470379145E}
		{4CB1FEA9-59C0-433B-AEE7-83D6776EDE6C} = {752DD757-D464-40E8-B876-1C470379145E}
		{C3D6C4CD-61C2-4019-B6FA-166252988CCF} = {752DD757-D464-40E8-B876-1C470379145E}
	EndGlobalSection
EndGlobal
